
Microsoft Visual Studio Solution File, Format Version 12.00
# Visual Studio Version 17
VisualStudioVersion = 17.0.32014.148
MinimumVisualStudioVersion = 10.0.40219.1
Project("{2150E333-8FDC-42A3-9474-1A3956D46DE8}") = "Solution Items", "Solution Items", "{7AE80D4F-8338-40D9-83EA-EF349B96E32D}"
	ProjectSection(SolutionItems) = preProject
		amp\amp.licenseheader = amp\amp.licenseheader
	EndProjectSection
EndProject
Project("{9A19103F-16F7-4668-BE54-9A1E7A4F7556}") = "amp.Database", "amp.Database\amp.Database.csproj", "{62990815-A9AD-4269-B01C-848B0F908DEF}"
EndProject
Project("{9A19103F-16F7-4668-BE54-9A1E7A4F7556}") = "amp.EtoForms", "amp.EtoForms\amp.EtoForms.csproj", "{9F316DA0-05F6-4DC9-A6E9-4B08B90D9EEC}"
EndProject
Project("{9A19103F-16F7-4668-BE54-9A1E7A4F7556}") = "amp.Playback", "amp.Playback\amp.Playback.csproj", "{E3A93B47-23EA-4D6C-B092-E2C702BBF956}"
EndProject
Project("{9A19103F-16F7-4668-BE54-9A1E7A4F7556}") = "EtoForms.Controls.Custom", "EtoForms.Controls.Custom\EtoForms.Controls.Custom.csproj", "{33605E8B-09AC-4EA5-955D-0EE16F6ADE90}"
EndProject
Project("{9A19103F-16F7-4668-BE54-9A1E7A4F7556}") = "amp.Shared", "amp.Shared\amp.Shared.csproj", "{11E3733C-CEED-4A11-A1D0-489219474805}"
EndProject
Project("{9A19103F-16F7-4668-BE54-9A1E7A4F7556}") = "amp.Tests", "amp.Tests\amp.Tests.csproj", "{108F168B-A717-4FFB-A3D6-170E88A36903}"
EndProject
Global
	GlobalSection(SolutionConfigurationPlatforms) = preSolution
		Debug|Any CPU = Debug|Any CPU
		Debug|Mixed Platforms = Debug|Mixed Platforms
		Debug|x64 = Debug|x64
		Debug|x86 = Debug|x86
		Release|Any CPU = Release|Any CPU
		Release|Mixed Platforms = Release|Mixed Platforms
		Release|x64 = Release|x64
		Release|x86 = Release|x86
	EndGlobalSection
	GlobalSection(ProjectConfigurationPlatforms) = postSolution
		{62990815-A9AD-4269-B01C-848B0F908DEF}.Debug|Any CPU.ActiveCfg = Debug|Any CPU
		{62990815-A9AD-4269-B01C-848B0F908DEF}.Debug|Any CPU.Build.0 = Debug|Any CPU
		{62990815-A9AD-4269-B01C-848B0F908DEF}.Debug|Mixed Platforms.ActiveCfg = Debug|Any CPU
		{62990815-A9AD-4269-B01C-848B0F908DEF}.Debug|Mixed Platforms.Build.0 = Debug|Any CPU
		{62990815-A9AD-4269-B01C-848B0F908DEF}.Debug|x64.ActiveCfg = Debug|Any CPU
		{62990815-A9AD-4269-B01C-848B0F908DEF}.Debug|x64.Build.0 = Debug|Any CPU
		{62990815-A9AD-4269-B01C-848B0F908DEF}.Debug|x86.ActiveCfg = Debug|Any CPU
		{62990815-A9AD-4269-B01C-848B0F908DEF}.Debug|x86.Build.0 = Debug|Any CPU
		{62990815-A9AD-4269-B01C-848B0F908DEF}.Release|Any CPU.ActiveCfg = Release|Any CPU
		{62990815-A9AD-4269-B01C-848B0F908DEF}.Release|Any CPU.Build.0 = Release|Any CPU
		{62990815-A9AD-4269-B01C-848B0F908DEF}.Release|Mixed Platforms.ActiveCfg = Release|Any CPU
		{62990815-A9AD-4269-B01C-848B0F908DEF}.Release|Mixed Platforms.Build.0 = Release|Any CPU
		{62990815-A9AD-4269-B01C-848B0F908DEF}.Release|x64.ActiveCfg = Release|Any CPU
		{62990815-A9AD-4269-B01C-848B0F908DEF}.Release|x64.Build.0 = Release|Any CPU
		{62990815-A9AD-4269-B01C-848B0F908DEF}.Release|x86.ActiveCfg = Release|Any CPU
		{62990815-A9AD-4269-B01C-848B0F908DEF}.Release|x86.Build.0 = Release|Any CPU
		{9F316DA0-05F6-4DC9-A6E9-4B08B90D9EEC}.Debug|Any CPU.ActiveCfg = Debug|Any CPU
		{9F316DA0-05F6-4DC9-A6E9-4B08B90D9EEC}.Debug|Any CPU.Build.0 = Debug|Any CPU
		{9F316DA0-05F6-4DC9-A6E9-4B08B90D9EEC}.Debug|Mixed Platforms.ActiveCfg = Debug|Any CPU
		{9F316DA0-05F6-4DC9-A6E9-4B08B90D9EEC}.Debug|Mixed Platforms.Build.0 = Debug|Any CPU
		{9F316DA0-05F6-4DC9-A6E9-4B08B90D9EEC}.Debug|x64.ActiveCfg = Debug|Any CPU
		{9F316DA0-05F6-4DC9-A6E9-4B08B90D9EEC}.Debug|x64.Build.0 = Debug|Any CPU
		{9F316DA0-05F6-4DC9-A6E9-4B08B90D9EEC}.Debug|x86.ActiveCfg = Debug|Any CPU
		{9F316DA0-05F6-4DC9-A6E9-4B08B90D9EEC}.Debug|x86.Build.0 = Debug|Any CPU
		{9F316DA0-05F6-4DC9-A6E9-4B08B90D9EEC}.Release|Any CPU.ActiveCfg = Release|Any CPU
		{9F316DA0-05F6-4DC9-A6E9-4B08B90D9EEC}.Release|Any CPU.Build.0 = Release|Any CPU
		{9F316DA0-05F6-4DC9-A6E9-4B08B90D9EEC}.Release|Mixed Platforms.ActiveCfg = Release|Any CPU
		{9F316DA0-05F6-4DC9-A6E9-4B08B90D9EEC}.Release|Mixed Platforms.Build.0 = Release|Any CPU
		{9F316DA0-05F6-4DC9-A6E9-4B08B90D9EEC}.Release|x64.ActiveCfg = Release|Any CPU
		{9F316DA0-05F6-4DC9-A6E9-4B08B90D9EEC}.Release|x64.Build.0 = Release|Any CPU
		{9F316DA0-05F6-4DC9-A6E9-4B08B90D9EEC}.Release|x86.ActiveCfg = Release|Any CPU
		{9F316DA0-05F6-4DC9-A6E9-4B08B90D9EEC}.Release|x86.Build.0 = Release|Any CPU
		{E3A93B47-23EA-4D6C-B092-E2C702BBF956}.Debug|Any CPU.ActiveCfg = Debug|Any CPU
		{E3A93B47-23EA-4D6C-B092-E2C702BBF956}.Debug|Any CPU.Build.0 = Debug|Any CPU
		{E3A93B47-23EA-4D6C-B092-E2C702BBF956}.Debug|Mixed Platforms.ActiveCfg = Debug|Any CPU
		{E3A93B47-23EA-4D6C-B092-E2C702BBF956}.Debug|Mixed Platforms.Build.0 = Debug|Any CPU
		{E3A93B47-23EA-4D6C-B092-E2C702BBF956}.Debug|x64.ActiveCfg = Debug|Any CPU
		{E3A93B47-23EA-4D6C-B092-E2C702BBF956}.Debug|x64.Build.0 = Debug|Any CPU
		{E3A93B47-23EA-4D6C-B092-E2C702BBF956}.Debug|x86.ActiveCfg = Debug|Any CPU
		{E3A93B47-23EA-4D6C-B092-E2C702BBF956}.Debug|x86.Build.0 = Debug|Any CPU
		{E3A93B47-23EA-4D6C-B092-E2C702BBF956}.Release|Any CPU.ActiveCfg = Release|Any CPU
		{E3A93B47-23EA-4D6C-B092-E2C702BBF956}.Release|Any CPU.Build.0 = Release|Any CPU
		{E3A93B47-23EA-4D6C-B092-E2C702BBF956}.Release|Mixed Platforms.ActiveCfg = Release|Any CPU
		{E3A93B47-23EA-4D6C-B092-E2C702BBF956}.Release|Mixed Platforms.Build.0 = Release|Any CPU
		{E3A93B47-23EA-4D6C-B092-E2C702BBF956}.Release|x64.ActiveCfg = Release|Any CPU
		{E3A93B47-23EA-4D6C-B092-E2C702BBF956}.Release|x64.Build.0 = Release|Any CPU
		{E3A93B47-23EA-4D6C-B092-E2C702BBF956}.Release|x86.ActiveCfg = Release|Any CPU
		{E3A93B47-23EA-4D6C-B092-E2C702BBF956}.Release|x86.Build.0 = Release|Any CPU
		{33605E8B-09AC-4EA5-955D-0EE16F6ADE90}.Debug|Any CPU.ActiveCfg = Debug|Any CPU
		{33605E8B-09AC-4EA5-955D-0EE16F6ADE90}.Debug|Any CPU.Build.0 = Debug|Any CPU
		{33605E8B-09AC-4EA5-955D-0EE16F6ADE90}.Debug|Mixed Platforms.ActiveCfg = Debug|Any CPU
		{33605E8B-09AC-4EA5-955D-0EE16F6ADE90}.Debug|Mixed Platforms.Build.0 = Debug|Any CPU
		{33605E8B-09AC-4EA5-955D-0EE16F6ADE90}.Debug|x64.ActiveCfg = Debug|Any CPU
		{33605E8B-09AC-4EA5-955D-0EE16F6ADE90}.Debug|x64.Build.0 = Debug|Any CPU
		{33605E8B-09AC-4EA5-955D-0EE16F6ADE90}.Debug|x86.ActiveCfg = Debug|Any CPU
		{33605E8B-09AC-4EA5-955D-0EE16F6ADE90}.Debug|x86.Build.0 = Debug|Any CPU
		{33605E8B-09AC-4EA5-955D-0EE16F6ADE90}.Release|Any CPU.ActiveCfg = Release|Any CPU
		{33605E8B-09AC-4EA5-955D-0EE16F6ADE90}.Release|Any CPU.Build.0 = Release|Any CPU
		{33605E8B-09AC-4EA5-955D-0EE16F6ADE90}.Release|Mixed Platforms.ActiveCfg = Release|Any CPU
		{33605E8B-09AC-4EA5-955D-0EE16F6ADE90}.Release|Mixed Platforms.Build.0 = Release|Any CPU
		{33605E8B-09AC-4EA5-955D-0EE16F6ADE90}.Release|x64.ActiveCfg = Release|Any CPU
		{33605E8B-09AC-4EA5-955D-0EE16F6ADE90}.Release|x64.Build.0 = Release|Any CPU
		{33605E8B-09AC-4EA5-955D-0EE16F6ADE90}.Release|x86.ActiveCfg = Release|Any CPU
		{33605E8B-09AC-4EA5-955D-0EE16F6ADE90}.Release|x86.Build.0 = Release|Any CPU
		{11E3733C-CEED-4A11-A1D0-489219474805}.Debug|Any CPU.ActiveCfg = Debug|Any CPU
		{11E3733C-CEED-4A11-A1D0-489219474805}.Debug|Any CPU.Build.0 = Debug|Any CPU
		{11E3733C-CEED-4A11-A1D0-489219474805}.Debug|Mixed Platforms.ActiveCfg = Debug|Any CPU
		{11E3733C-CEED-4A11-A1D0-489219474805}.Debug|Mixed Platforms.Build.0 = Debug|Any CPU
		{11E3733C-CEED-4A11-A1D0-489219474805}.Debug|x64.ActiveCfg = Debug|Any CPU
		{11E3733C-CEED-4A11-A1D0-489219474805}.Debug|x64.Build.0 = Debug|Any CPU
		{11E3733C-CEED-4A11-A1D0-489219474805}.Debug|x86.ActiveCfg = Debug|Any CPU
		{11E3733C-CEED-4A11-A1D0-489219474805}.Debug|x86.Build.0 = Debug|Any CPU
		{11E3733C-CEED-4A11-A1D0-489219474805}.Release|Any CPU.ActiveCfg = Release|Any CPU
		{11E3733C-CEED-4A11-A1D0-489219474805}.Release|Any CPU.Build.0 = Release|Any CPU
		{11E3733C-CEED-4A11-A1D0-489219474805}.Release|Mixed Platforms.ActiveCfg = Release|Any CPU
		{11E3733C-CEED-4A11-A1D0-489219474805}.Release|Mixed Platforms.Build.0 = Release|Any CPU
		{11E3733C-CEED-4A11-A1D0-489219474805}.Release|x64.ActiveCfg = Release|Any CPU
		{11E3733C-CEED-4A11-A1D0-489219474805}.Release|x64.Build.0 = Release|Any CPU
		{11E3733C-CEED-4A11-A1D0-489219474805}.Release|x86.ActiveCfg = Release|Any CPU
		{11E3733C-CEED-4A11-A1D0-489219474805}.Release|x86.Build.0 = Release|Any CPU
		{108F168B-A717-4FFB-A3D6-170E88A36903}.Debug|Any CPU.ActiveCfg = Debug|Any CPU
		{108F168B-A717-4FFB-A3D6-170E88A36903}.Debug|Any CPU.Build.0 = Debug|Any CPU
		{108F168B-A717-4FFB-A3D6-170E88A36903}.Debug|Mixed Platforms.ActiveCfg = Debug|Any CPU
		{108F168B-A717-4FFB-A3D6-170E88A36903}.Debug|Mixed Platforms.Build.0 = Debug|Any CPU
		{108F168B-A717-4FFB-A3D6-170E88A36903}.Debug|x64.ActiveCfg = Debug|Any CPU
		{108F168B-A717-4FFB-A3D6-170E88A36903}.Debug|x64.Build.0 = Debug|Any CPU
		{108F168B-A717-4FFB-A3D6-170E88A36903}.Debug|x86.ActiveCfg = Debug|Any CPU
		{108F168B-A717-4FFB-A3D6-170E88A36903}.Debug|x86.Build.0 = Debug|Any CPU
		{108F168B-A717-4FFB-A3D6-170E88A36903}.Release|Any CPU.ActiveCfg = Release|Any CPU
		{108F168B-A717-4FFB-A3D6-170E88A36903}.Release|Any CPU.Build.0 = Release|Any CPU
		{108F168B-A717-4FFB-A3D6-170E88A36903}.Release|Mixed Platforms.ActiveCfg = Release|Any CPU
		{108F168B-A717-4FFB-A3D6-170E88A36903}.Release|Mixed Platforms.Build.0 = Release|Any CPU
		{108F168B-A717-4FFB-A3D6-170E88A36903}.Release|x64.ActiveCfg = Release|Any CPU
		{108F168B-A717-4FFB-A3D6-170E88A36903}.Release|x64.Build.0 = Release|Any CPU
		{108F168B-A717-4FFB-A3D6-170E88A36903}.Release|x86.ActiveCfg = Release|Any CPU
		{108F168B-A717-4FFB-A3D6-170E88A36903}.Release|x86.Build.0 = Release|Any CPU
	EndGlobalSection
	GlobalSection(SolutionProperties) = preSolution
		HideSolutionNode = FALSE
	EndGlobalSection
	GlobalSection(ExtensibilityGlobals) = postSolution
		SolutionGuid = {DC2EC3AA-027D-49FF-89AE-A3B7726F00D7}
	EndGlobalSection
EndGlobal
